
Microsoft Visual Studio Solution File, Format Version 12.00
# Visual Studio 2017
Project("{FAE04EC0-301F-11D3-BF4B-00C04F79EFBC}") = "Geo", "Geo.csproj", "{A10D83C0-1DF5-2B68-5291-BE8881B5AA4E}"
EndProject
Global
	GlobalSection(SolutionConfigurationPlatforms) = preSolution
		Debug|Any CPU = Debug|Any CPU
		Release|Any CPU = Release|Any CPU
	EndGlobalSection
	GlobalSection(ProjectConfigurationPlatforms) = postSolution
		{A10D83C0-1DF5-2B68-5291-BE8881B5AA4E}.Debug|Any CPU.ActiveCfg = Debug|Any CPU
		{A10D83C0-1DF5-2B68-5291-BE8881B5AA4E}.Debug|Any CPU.Build.0 = Debug|Any CPU
		{A10D83C0-1DF5-2B68-5291-BE8881B5AA4E}.Release|Any CPU.ActiveCfg = Release|Any CPU
		{A10D83C0-1DF5-2B68-5291-BE8881B5AA4E}.Release|Any CPU.Build.0 = Release|Any CPU
	EndGlobalSection
	GlobalSection(SolutionProperties) = preSolution
		HideSolutionNode = FALSE
	EndGlobalSection
EndGlobal
